{
  "name": "kangaroo-mobile",
  "version": "0.0.1",
  "lockfileVersion": 3,
  "requires": true,
  "packages": {
    "": {
      "name": "kangaroo-mobile",
      "version": "0.0.1",
      "license": "MIT",
      "dependencies": {
        "@iconify/vue": "^5.0.1",
        "vant": "^4.10.0"
      },
      "devDependencies": {
        "@iconify-json/mdi": "^1.2.3",
        "@iconify-json/ri": "^1.2.10",
        "@vitejs/plugin-vue": "^6.0.7",
        "less": "^4.6.7",
        "svgo": "^4.0.1",
        "unplugin-icons": "^23.0.1",
        "unplugin-vue": "^7.2.0",
        "vite": "^8.1.0"
      },
      "peerDependencies": {
        "vue": "^3.5.0"
      }
    },
    "../../node_modules/.pnpm/@iconify-json+mdi@1.2.3/node_modules/@iconify-json/mdi": {
      "version": "1.2.3",
      "dev": true,
      "license": "Apache-2.0",
      "dependencies": {
        "@iconify/types": "*"
      }
    },
    "../../node_modules/.pnpm/@iconify-json+ri@1.2.10/node_modules/@iconify-json/ri": {
      "version": "1.2.10",
      "dev": true,
      "license": "Apache-2.0",
      "dependencies": {
        "@iconify/types": "*"
      }
    },
    "../../node_modules/.pnpm/@iconify+vue@5.0.1_vue@3.5.39_typescript@6.0.3_/node_modules/@iconify/vue": {
      "version": "5.0.1",
      "license": "MIT",
      "dependencies": {
        "@iconify/types": "^2.0.0"
      },
      "devDependencies": {
        "@babel/preset-env": "^7.29.2",
        "@iconify/core": "^4.1.0",
        "@iconify/utils": "^3.1.1",
        "@microsoft/api-extractor": "^7.58.7",
        "@rollup/plugin-node-resolve": "^16.0.3",
        "@types/jest": "^30.0.0",
        "@vitejs/plugin-vue": "^6.0.6",
        "@vue/test-utils": "^2.4.8",
        "jsdom": "^29.0.2",
        "rollup": "^4.60.2",
        "vue": "^3.5.33"
      },
      "funding": {
        "url": "https://github.com/sponsors/cyberalien"
      },
      "peerDependencies": {
        "vue": ">=3.0.0"
      }
    },
    "../../node_modules/.pnpm/@vitejs+plugin-vue@6.0.7_vi_9b46b0cd86d5c263e58d630d9f019a0d/node_modules/@vitejs/plugin-vue": {
      "version": "6.0.7",
      "dev": true,
      "license": "MIT",
      "dependencies": {
        "@rolldown/pluginutils": "^1.0.1"
      },
      "devDependencies": {
        "@babel/types": "^7.29.0",
        "@jridgewell/gen-mapping": "^0.3.13",
        "@jridgewell/trace-mapping": "^0.3.31",
        "obug": "^2.1.1",
        "slash": "^5.1.0",
        "source-map-js": "^1.2.1",
        "tsdown": "^0.22.0",
        "unrun": "^0.3.0",
        "vite": "^8.0.13",
        "vue": "^3.5.34"
      },
      "engines": {
        "node": "^20.19.0 || >=22.12.0"
      },
      "peerDependencies": {
        "vite": "^5.0.0 || ^6.0.0 || ^7.0.0 || ^8.0.0",
        "vue": "^3.2.25"
      }
    },
    "../../node_modules/.pnpm/less@4.6.7/node_modules/less": {
      "version": "4.6.7",
      "dev": true,
      "license": "Apache-2.0",
      "dependencies": {
        "copy-anything": "^3.0.5",
        "parse-node-version": "^1.0.1"
      },
      "bin": {
        "lessc": "bin/lessc"
      },
      "devDependencies": {
        "@less/test-data": "workspace:*",
        "@less/test-import-module": "workspace:*",
        "@rollup/plugin-commonjs": "^17.0.0",
        "@rollup/plugin-json": "^4.1.0",
        "@rollup/plugin-node-resolve": "^11.0.0",
        "@types/node": "^18",
        "@typescript-eslint/eslint-plugin": "^4.28.0",
        "@typescript-eslint/parser": "^4.28.0",
        "benny": "^3.6.12",
        "bootstrap-less-port": "0.3.0",
        "c8": "^10.1.3",
        "chai": "^4.2.0",
        "chalk": "^4.1.2",
        "cosmiconfig": "~9.0.0",
        "cross-env": "^7.0.3",
        "eslint": "^7.29.0",
        "fs-extra": "^8.1.0",
        "git-rev": "^0.2.1",
        "glob": "~11.0.3",
        "globby": "^10.0.1",
        "grunt": "^1.5.0",
        "grunt-cli": "^1.3.2",
        "grunt-contrib-clean": "^1.0.0",
        "grunt-contrib-connect": "^1.0.2",
        "grunt-eslint": "^23.0.0",
        "grunt-saucelabs": "^9.0.1",
        "grunt-shell": "^1.3.0",
        "html-template-tag": "^3.2.0",
        "jest-diff": "~30.1.2",
        "jit-grunt": "^0.10.0",
        "less-plugin-autoprefix": "^1.5.1",
        "less-plugin-clean-css": "^1.6.0",
        "minimist": "^1.2.0",
        "mocha": "^6.2.1",
        "mocha-teamcity-reporter": "^3.0.0",
        "npm-run-all": "^4.1.5",
        "path-browserify": "^1.0.1",
        "performance-now": "^0.2.0",
        "phin": "^2.2.3",
        "playwright": "1.50.1",
        "promise": "^7.1.1",
        "read-glob": "^3.0.0",
        "resolve": "^1.17.0",
        "rollup": "^2.52.2",
        "rollup-plugin-terser": "^5.1.1",
        "semver": "^6.3.0",
        "shx": "^0.3.2",
        "time-grunt": "^1.3.0",
        "typescript": "^5.7.0",
        "uikit": "2.27.4",
        "url": "^0.11.4",
        "webpack": "^5.64.6",
        "webpack-cli": "^5.1.4"
      },
      "engines": {
        "node": ">=18"
      },
      "optionalDependencies": {
        "errno": "^0.1.1",
        "graceful-fs": "^4.1.2",
        "image-size": "~0.5.0",
        "make-dir": "^5.1.0",
        "mime": "^1.4.1",
        "needle": "^3.1.0",
        "source-map": "~0.6.0"
      }
    },
    "../../node_modules/.pnpm/svgo@4.0.1/node_modules/svgo": {
      "version": "4.0.1",
      "dev": true,
      "license": "MIT",
      "dependencies": {
        "commander": "^11.1.0",
        "css-select": "^5.1.0",
        "css-tree": "^3.0.1",
        "css-what": "^6.1.0",
        "csso": "^5.0.5",
        "picocolors": "^1.1.1",
        "sax": "^1.5.0"
      },
      "bin": {
        "svgo": "bin/svgo.js"
      },
      "devDependencies": {
        "@eslint/js": "^9.25.1",
        "@jest/globals": "^29.7.0",
        "@rollup/plugin-commonjs": "^26.0.3",
        "@rollup/plugin-node-resolve": "^15.2.3",
        "@rollup/plugin-terser": "^0.4.4",
        "@types/css-tree": "^2.3.10",
        "@types/csso": "^5.0.4",
        "@types/jest": "^29.5.14",
        "@types/node": "^22.15.3",
        "@types/pngjs": "^6.0.5",
        "@types/sax": "^1.2.7",
        "@types/tar-stream": "^3.1.3",
        "cross-env": "^7.0.3",
        "cspell": "^9.2.2",
        "eslint": "^9.25.1",
        "globals": "^14.0.0",
        "jest": "^29.7.0",
        "pixelmatch": "^7.1.0",
        "playwright": "1.53.2",
        "pngjs": "^7.0.0",
        "prettier": "^3.5.3",
        "rimraf": "^5.0.10",
        "rollup": "^4.22.4",
        "tar-stream": "^3.1.7",
        "tsd": "^0.32.0",
        "typescript": "^5.8.3"
      },
      "engines": {
        "node": ">=16"
      },
      "funding": {
        "type": "opencollective",
        "url": "https://opencollective.com/svgo"
      }
    },
    "../../node_modules/.pnpm/unplugin-icons@23.0.1_@vue+compiler-sfc@3.5.39/node_modules/unplugin-icons": {
      "version": "23.0.1",
      "dev": true,
      "license": "MIT",
      "dependencies": {
        "@antfu/install-pkg": "^1.1.0",
        "@iconify/utils": "^3.1.0",
        "local-pkg": "^1.1.2",
        "obug": "^2.1.1",
        "unplugin": "^2.3.11"
      },
      "devDependencies": {
        "@antfu/eslint-config": "^7.0.0",
        "@antfu/utils": "^9.3.0",
        "@iconify/json": "^2.2.427",
        "@iconify/types": "^2.0.0",
        "@svgr/core": "^8.1.0",
        "@svgr/plugin-jsx": "^8.1.0",
        "@svgx/core": "^1.0.1",
        "@types/node": "^25.0.8",
        "@vue/compiler-sfc": "^3.5.26",
        "bumpp": "^10.4.0",
        "eslint": "^9.39.2",
        "publint": "^0.3.16",
        "rollup": "^4.55.1",
        "tsdown": "^0.20.0-beta.2",
        "tsx": "^4.21.0",
        "typescript": "^5.9.3",
        "vite": "^7.3.1",
        "vitest": "^4.0.17"
      },
      "funding": {
        "url": "https://github.com/sponsors/antfu"
      },
      "peerDependencies": {
        "@svgr/core": ">=7.0.0",
        "@svgx/core": "^1.0.1",
        "@vue/compiler-sfc": "^3.0.2",
        "svelte": "^3.0.0 || ^4.0.0 || ^5.0.0"
      },
      "peerDependenciesMeta": {
        "@svgr/core": {
          "optional": true
        },
        "@svgx/core": {
          "optional": true
        },
        "@vue/compiler-sfc": {
          "optional": true
        },
        "svelte": {
          "optional": true
        }
      }
    },
    "../../node_modules/.pnpm/unplugin-vue@7.2.0_@types+n_251650c2f56464485f9c34b090993dfb/node_modules/unplugin-vue": {
      "version": "7.2.0",
      "dev": true,
      "license": "MIT",
      "dependencies": {
        "@jridgewell/gen-mapping": "^0.3.13",
        "@jridgewell/trace-mapping": "^0.3.31",
        "@vue/reactivity": "^3.5.33",
        "obug": "^2.1.1",
        "unplugin": "^3.0.0",
        "vite": "^8.0.10"
      },
      "devDependencies": {
        "@babel/types": "^7.29.0",
        "@farmfe/core": "2.0.0-nightly-20250411141103",
        "@sxzz/eslint-config": "^7.8.4",
        "@sxzz/prettier-config": "^2.3.1",
        "@sxzz/test-utils": "^0.5.18",
        "@types/node": "^25.6.0",
        "@typescript/native-preview": "7.0.0-dev.20260427.1",
        "@vitejs/plugin-vue": "^6.0.6",
        "@vitest/ui": "^4.1.5",
        "bumpp": "^11.0.1",
        "esbuild": "^0.28.0",
        "eslint": "^10.2.1",
        "premove": "^4.0.0",
        "prettier": "^3.8.3",
        "rollup": "^4.60.2",
        "source-map-js": "^1.2.1",
        "tsdown": "^0.21.10",
        "tsdown-preset-sxzz": "^0.5.0",
        "typescript": "^6.0.3",
        "unplugin-oxc": "^0.6.1",
        "vitest": "^4.1.5",
        "vue": "^3.6.0-beta.10",
        "webpack": "^5.106.2"
      },
      "engines": {
        "node": ">=20.19.0"
      },
      "funding": {
        "url": "https://github.com/sponsors/sxzz"
      },
      "peerDependencies": {
        "vue": "^3.2.25"
      }
    },
    "../../node_modules/.pnpm/vant@4.10.0_vue@3.5.39_typescript@6.0.3_/node_modules/vant": {
      "version": "4.10.0",
      "license": "MIT",
      "dependencies": {
        "@vant/popperjs": "^1.3.0",
        "@vant/use": "^1.6.0",
        "@vue/shared": "^3.5.39"
      },
      "devDependencies": {
        "@rsbuild/plugin-babel": "1.1.2",
        "@rsbuild/plugin-vue": "1.2.9",
        "@rsbuild/plugin-vue-jsx": "2.0.1",
        "@rstest/core": "^0.10.6",
        "@rstest/coverage-istanbul": "^0.10.6",
        "@types/node": "^24.12.4",
        "@vant/area-data": "2.1.0",
        "@vant/cli": "7.1.0",
        "@vant/icons": "3.0.2",
        "@vue/runtime-core": "^3.5.39",
        "@vue/test-utils": "^2.4.11",
        "csstype": "^3.2.3",
        "diffable-html": "^6.0.1",
        "jsdom": "^25.0.1",
        "rstest-canvas-mock": "^0.0.5",
        "typescript": "^5.9.3",
        "vue": "^3.5.39",
        "vue-router": "^5.0.6"
      },
      "peerDependencies": {
        "vue": "^3.0.0"
      }
    },
    "../../node_modules/.pnpm/vite@8.1.3_@types+node@26.1_a567c1c67c77727e49e646a48ed6c062/node_modules/vite": {
      "version": "8.1.3",
      "dev": true,
      "license": "MIT",
      "dependencies": {
        "lightningcss": "^1.32.0",
        "picomatch": "^4.0.4",
        "postcss": "^8.5.16",
        "rolldown": "~1.1.3",
        "tinyglobby": "^0.2.17"
      },
      "bin": {
        "vite": "bin/vite.js"
      },
      "devDependencies": {
        "@babel/parser": "^7.29.7",
        "@jridgewell/remapping": "^2.3.5",
        "@jridgewell/trace-mapping": "^0.3.31",
        "@polka/compression": "^1.0.0-next.25",
        "@rollup/plugin-alias": "^6.0.0",
        "@rollup/plugin-dynamic-import-vars": "2.1.4",
        "@rollup/pluginutils": "^5.4.0",
        "@types/escape-html": "^1.0.4",
        "@types/pnpapi": "^0.0.5",
        "@vercel/detect-agent": "^1.2.3",
        "@vitejs/devtools": "^0.3.3",
        "@vitest/utils": "4.1.9",
        "@voidzero-dev/vite-task-client": "^0.2.0",
        "artichokie": "^0.4.4",
        "baseline-browser-mapping": "^2.10.40",
        "cac": "^7.0.0",
        "chokidar": "^3.6.0",
        "connect": "^3.7.0",
        "convert-source-map": "^2.0.0",
        "cors": "^2.8.6",
        "cross-spawn": "^7.0.6",
        "dotenv-expand": "^13.0.0",
        "es-module-lexer": "^2.3.0",
        "esbuild": "^0.28.1",
        "escape-html": "^1.0.3",
        "estree-walker": "^3.0.3",
        "etag": "^1.8.1",
        "fresh-import": "^0.2.1",
        "host-validation-middleware": "^0.1.4",
        "http-proxy-3": "^1.23.3",
        "launch-editor-middleware": "^2.14.1",
        "magic-string": "^0.30.21",
        "mlly": "^1.8.2",
        "mrmime": "^2.0.1",
        "nanoid": "^5.1.16",
        "obug": "^1.0.2",
        "open": "^10.2.0",
        "parse5": "^8.0.1",
        "pathe": "^2.0.3",
        "periscopic": "^4.0.3",
        "picocolors": "^1.1.1",
        "postcss-import": "^16.1.1",
        "postcss-load-config": "^6.0.1",
        "postcss-modules": "^6.0.1",
        "premove": "^4.0.0",
        "resolve.exports": "^2.0.3",
        "rolldown-plugin-dts": "^0.26.0",
        "rollup": "^4.59.0",
        "rollup-plugin-license": "^3.7.1",
        "sass": "^1.101.0",
        "sass-embedded": "^1.100.0",
        "sirv": "^3.0.2",
        "strip-literal": "^3.1.0",
        "terser": "^5.48.0",
        "ufo": "^1.6.4",
        "ws": "^8.21.0"
      },
      "engines": {
        "node": "^20.19.0 || >=22.12.0"
      },
      "funding": {
        "url": "https://github.com/vitejs/vite?sponsor=1"
      },
      "optionalDependencies": {
        "fsevents": "~2.3.3"
      },
      "peerDependencies": {
        "@types/node": "^20.19.0 || >=22.12.0",
        "@vitejs/devtools": "^0.3.0",
        "esbuild": "^0.27.0 || ^0.28.0",
        "jiti": ">=1.21.0",
        "less": "^4.0.0",
        "sass": "^1.70.0",
        "sass-embedded": "^1.70.0",
        "stylus": ">=0.54.8",
        "sugarss": "^5.0.0",
        "terser": "^5.16.0",
        "tsx": "^4.8.1",
        "yaml": "^2.4.2"
      },
      "peerDependenciesMeta": {
        "@types/node": {
          "optional": true
        },
        "@vitejs/devtools": {
          "optional": true
        },
        "esbuild": {
          "optional": true
        },
        "jiti": {
          "optional": true
        },
        "less": {
          "optional": true
        },
        "sass": {
          "optional": true
        },
        "sass-embedded": {
          "optional": true
        },
        "stylus": {
          "optional": true
        },
        "sugarss": {
          "optional": true
        },
        "terser": {
          "optional": true
        },
        "tsx": {
          "optional": true
        },
        "yaml": {
          "optional": true
        }
      }
    },
    "../../node_modules/.pnpm/vue@3.5.39_typescript@6.0.3/node_modules/vue": {
      "version": "3.5.39",
      "license": "MIT",
      "peer": true,
      "dependencies": {
        "@vue/compiler-dom": "3.5.39",
        "@vue/compiler-sfc": "3.5.39",
        "@vue/runtime-dom": "3.5.39",
        "@vue/server-renderer": "3.5.39",
        "@vue/shared": "3.5.39"
      },
      "peerDependencies": {
        "typescript": "*"
      },
      "peerDependenciesMeta": {
        "typescript": {
          "optional": true
        }
      }
    },
    "node_modules/@iconify-json/mdi": {
      "resolved": "../../node_modules/.pnpm/@iconify-json+mdi@1.2.3/node_modules/@iconify-json/mdi",
      "link": true
    },
    "node_modules/@iconify-json/ri": {
      "resolved": "../../node_modules/.pnpm/@iconify-json+ri@1.2.10/node_modules/@iconify-json/ri",
      "link": true
    },
    "node_modules/@iconify/vue": {
      "resolved": "../../node_modules/.pnpm/@iconify+vue@5.0.1_vue@3.5.39_typescript@6.0.3_/node_modules/@iconify/vue",
      "link": true
    },
    "node_modules/@vitejs/plugin-vue": {
      "resolved": "../../node_modules/.pnpm/@vitejs+plugin-vue@6.0.7_vi_9b46b0cd86d5c263e58d630d9f019a0d/node_modules/@vitejs/plugin-vue",
      "link": true
    },
    "node_modules/less": {
      "resolved": "../../node_modules/.pnpm/less@4.6.7/node_modules/less",
      "link": true
    },
    "node_modules/svgo": {
      "resolved": "../../node_modules/.pnpm/svgo@4.0.1/node_modules/svgo",
      "link": true
    },
    "node_modules/unplugin-icons": {
      "resolved": "../../node_modules/.pnpm/unplugin-icons@23.0.1_@vue+compiler-sfc@3.5.39/node_modules/unplugin-icons",
      "link": true
    },
    "node_modules/unplugin-vue": {
      "resolved": "../../node_modules/.pnpm/unplugin-vue@7.2.0_@types+n_251650c2f56464485f9c34b090993dfb/node_modules/unplugin-vue",
      "link": true
    },
    "node_modules/vant": {
      "resolved": "../../node_modules/.pnpm/vant@4.10.0_vue@3.5.39_typescript@6.0.3_/node_modules/vant",
      "link": true
    },
    "node_modules/vite": {
      "resolved": "../../node_modules/.pnpm/vite@8.1.3_@types+node@26.1_a567c1c67c77727e49e646a48ed6c062/node_modules/vite",
      "link": true
    },
    "node_modules/vue": {
      "resolved": "../../node_modules/.pnpm/vue@3.5.39_typescript@6.0.3/node_modules/vue",
      "link": true
    }
  }
}
